
Microsoft Visual Studio Solution File, Format Version 12.00
# Visual Studio Version 17
VisualStudioVersion = 17.5.33530.505
MinimumVisualStudioVersion = 10.0.40219.1
Project("{FAE04EC0-301F-11D3-BF4B-00C04F79EFBC}") = "ConsoleUI", "ConsoleUI\ConsoleUI.csproj", "{BBFAD0B6-BB3E-4A4F-93AA-74A283678A24}"
EndProject
Global
	GlobalSection(SolutionConfigurationPlatforms) = preSolution
		Debug|Any CPU = Debug|Any CPU
		Release|Any CPU = Release|Any CPU
	EndGlobalSection
	GlobalSection(ProjectConfigurationPlatforms) = postSolution
		{BBFAD0B6-BB3E-4A4F-93AA-74A283678A24}.Debug|Any CPU.ActiveCfg = Debug|Any CPU
		{BBFAD0B6-BB3E-4A4F-93AA-74A283678A24}.Debug|Any CPU.Build.0 = Debug|Any CPU
		{BBFAD0B6-BB3E-4A4F-93AA-74A283678A24}.Release|Any CPU.ActiveCfg = Release|Any CPU
		{BBFAD0B6-BB3E-4A4F-93AA-74A283678A24}.Release|Any CPU.Build.0 = Release|Any CPU
	EndGlobalSection
	GlobalSection(SolutionProperties) = preSolution
		HideSolutionNode = FALSE
	EndGlobalSection
	GlobalSection(ExtensibilityGlobals) = postSolution
		SolutionGuid = {23C732AC-13F3-4E0F-87A0-F11EB3F3B1DF}
	EndGlobalSection
EndGlobal
